
Microsoft Visual Studio Solution File, Format Version 12.00
# Visual Studio 14
VisualStudioVersion = 14.0.25123.0
MinimumVisualStudioVersion = 10.0.40219.1
Project("{FAE04EC0-301F-11D3-BF4B-00C04F79EFBC}") = "UtilsHelper", "UtilsHelper\UtilsHelper.csproj", "{977DA901-6F35-4F35-AE59-132FD9A31CB3}"
EndProject
Project("{FAE04EC0-301F-11D3-BF4B-00C04F79EFBC}") = "SqlTest", "SqlTest\SqlTest.csproj", "{4D77402B-AD90-429D-9253-BC481818AE64}"
EndProject
Global
	GlobalSection(SolutionConfigurationPlatforms) = preSolution
		Debug|Any CPU = Debug|Any CPU
		Release|Any CPU = Release|Any CPU
	EndGlobalSection
	GlobalSection(ProjectConfigurationPlatforms) = postSolution
		{977DA901-6F35-4F35-AE59-132FD9A31CB3}.Debug|Any CPU.ActiveCfg = Debug|Any CPU
		{977DA901-6F35-4F35-AE59-132FD9A31CB3}.Debug|Any CPU.Build.0 = Debug|Any CPU
		{977DA901-6F35-4F35-AE59-132FD9A31CB3}.Release|Any CPU.ActiveCfg = Release|Any CPU
		{977DA901-6F35-4F35-AE59-132FD9A31CB3}.Release|Any CPU.Build.0 = Release|Any CPU
		{4D77402B-AD90-429D-9253-BC481818AE64}.Debug|Any CPU.ActiveCfg = Debug|Any CPU
		{4D77402B-AD90-429D-9253-BC481818AE64}.Debug|Any CPU.Build.0 = Debug|Any CPU
		{4D77402B-AD90-429D-9253-BC481818AE64}.Release|Any CPU.ActiveCfg = Release|Any CPU
		{4D77402B-AD90-429D-9253-BC481818AE64}.Release|Any CPU.Build.0 = Release|Any CPU
	EndGlobalSection
	GlobalSection(SolutionProperties) = preSolution
		HideSolutionNode = FALSE
	EndGlobalSection
EndGlobal
